
Microsoft Visual Studio Solution File, Format Version 10.00
# Visual Studio 2008
Project("{8BC9CEB8-8B4A-11D0-8D11-00A0C91BC942}") = "OziGen", "OziGen.vcproj", "{4AC321C9-A8FA-4FE3-BD4A-B859228EC3BA}"
EndProject
Global
	GlobalSection(SolutionConfigurationPlatforms) = preSolution
		Debug|Win32 = Debug|Win32
		Release|Win32 = Release|Win32
	EndGlobalSection
	GlobalSection(ProjectConfigurationPlatforms) = postSolution
		{4AC321C9-A8FA-4FE3-BD4A-B859228EC3BA}.Debug|Win32.ActiveCfg = Debug|Win32
		{4AC321C9-A8FA-4FE3-BD4A-B859228EC3BA}.Debug|Win32.Build.0 = Debug|Win32
		{4AC321C9-A8FA-4FE3-BD4A-B859228EC3BA}.Release|Win32.ActiveCfg = Release|Win32
		{4AC321C9-A8FA-4FE3-BD4A-B859228EC3BA}.Release|Win32.Build.0 = Release|Win32
	EndGlobalSection
	GlobalSection(SolutionProperties) = preSolution
		HideSolutionNode = FALSE
	EndGlobalSection
EndGlobal
